// !$*UTF8*$!
{
	archiveVersion = 1;
	classes = {
	};
	objectVersion = 46;
	objects = {

/* Begin PBXBuildFile section */
		392A502319DF28A0005B6731 /* main.m in Sources */ = {isa = PBXBuildFile; fileRef = 392A502219DF28A0005B6731 /* main.m */; };
		392A502619DF28A0005B6731 /* AppDelegate.m in Sources */ = {isa = PBXBuildFile; fileRef = 392A502519DF28A0005B6731 /* AppDelegate.m */; };
		392A502919DF28A0005B6731 /* ViewController.m in Sources */ = {isa = PBXBuildFile; fileRef = 392A502819DF28A0005B6731 /* ViewController.m */; };
		392A502C19DF28A0005B6731 /* Main.storyboard in Resources */ = {isa = PBXBuildFile; fileRef = 392A502A19DF28A0005B6731 /* Main.storyboard */; };
		392A502E19DF28A0005B6731 /* Images.xcassets in Resources */ = {isa = PBXBuildFile; fileRef = 392A502D19DF28A0005B6731 /* Images.xcassets */; };
		392A503119DF28A0005B6731 /* LaunchScreen.xib in Resources */ = {isa = PBXBuildFile; fileRef = 392A502F19DF28A0005B6731 /* LaunchScreen.xib */; };
		392A503D19DF28A0005B6731 /* SpotMETests.m in Sources */ = {isa = PBXBuildFile; fileRef = 392A503C19DF28A0005B6731 /* SpotMETests.m */; };
/* End PBXBuildFile section */

/* Begin PBXContainerItemProxy section */
		392A503719DF28A0005B6731 /* PBXContainerItemProxy */ = {
			isa = PBXContainerItemProxy;
			containerPortal = 392A501519DF28A0005B6731 /* Project object */;
			proxyType = 1;
			remoteGlobalIDString = 392A501C19DF28A0005B6731;
			remoteInfo = SpotME;
		};
/* End PBXContainerItemProxy section */

/* Begin PBXFileReference section */
		392A501D19DF28A0005B6731 /* SpotME.app */ = {isa = PBXFileReference; explicitFileType = wrapper.application; includeInIndex = 0; path = SpotME.app; sourceTree = BUILT_PRODUCTS_DIR; };
		392A502119DF28A0005B6731 /* Info.plist */ = {isa = PBXFileReference; lastKnownFileType = text.plist.xml; path = Info.plist; sourceTree = "<group>"; };
		392A502219DF28A0005B6731 /* main.m */ = {isa = PBXFileReference; lastKnownFileType = sourcecode.c.objc; path = main.m; sourceTree = "<group>"; };
		392A502419DF28A0005B6731 /* AppDelegate.h */ = {isa = PBXFileReference; lastKnownFileType = sourcecode.c.h; path = AppDelegate.h; sourceTree = "<group>"; };
		392A502519DF28A0005B6731 /* AppDelegate.m */ = {isa = PBXFileReference; lastKnownFileType = sourcecode.c.objc; path = AppDelegate.m; sourceTree = "<group>"; };
		392A502719DF28A0005B6731 /* ViewController.h */ = {isa = PBXFileReference; lastKnownFileType = sourcecode.c.h; path = ViewController.h; sourceTree = "<group>"; };
		392A502819DF28A0005B6731 /* ViewController.m */ = {isa = PBXFileReference; lastKnownFileType = sourcecode.c.objc; path = ViewController.m; sourceTree = "<group>"; };
		392A502B19DF28A0005B6731 /* Base */ = {isa = PBXFileReference; lastKnownFileType = file.storyboard; name = Base; path = Base.lproj/Main.storyboard; sourceTree = "<group>"; };
		392A502D19DF28A0005B6731 /* Images.xcassets */ = {isa = PBXFileReference; lastKnownFileType = folder.assetcatalog; path = Images.xcassets; sourceTree = "<group>"; };
		392A503019DF28A0005B6731 /* Base */ = {isa = PBXFileReference; lastKnownFileType = file.xib; name = Base; path = Base.lproj/LaunchScreen.xib; sourceTree = "<group>"; };
		392A503619DF28A0005B6731 /* SpotMETests.xctest */ = {isa = PBXFileReference; explicitFileType = wrapper.cfbundle; includeInIndex = 0; path = SpotMETests.xctest; sourceTree = BUILT_PRODUCTS_DIR; };
		392A503B19DF28A0005B6731 /* Info.plist */ = {isa = PBXFileReference; lastKnownFileType = text.plist.xml; path = Info.plist; sourceTree = "<group>"; };
		392A503C19DF28A0005B6731 /* SpotMETests.m */ = {isa = PBXFileReference; lastKnownFileType = sourcecode.c.objc; path = SpotMETests.m; sourceTree = "<group>"; };
/* End PBXFileReference section */

/* Begin PBXFrameworksBuildPhase section */
		392A501A19DF28A0005B6731 /* Frameworks */ = {
			isa = PBXFrameworksBuildPhase;
			buildActionMask = 2147483647;
			files = (
			);
			runOnlyForDeploymentPostprocessing = 0;
		};
		392A503319DF28A0005B6731 /* Frameworks */ = {
			isa = PBXFrameworksBuildPhase;
			buildActionMask = 2147483647;
			files = (
			);
			runOnlyForDeploymentPostprocessing = 0;
		};
/* End PBXFrameworksBuildPhase section */

/* Begin PBXGroup section */
		392A501419DF28A0005B6731 = {
			isa = PBXGroup;
			children = (
				392A501F19DF28A0005B6731 /* SpotME */,
				392A503919DF28A0005B6731 /* SpotMETests */,
				392A501E19DF28A0005B6731 /* Products */,
			);
			sourceTree = "<group>";
		};
		392A501E19DF28A0005B6731 /* Products */ = {
			isa = PBXGroup;
			children = (
				392A501D19DF28A0005B6731 /* SpotME.app */,
				392A503619DF28A0005B6731 /* SpotMETests.xctest */,
			);
			name = Products;
			sourceTree = "<group>";
		};
		392A501F19DF28A0005B6731 /* SpotME */ = {
			isa = PBXGroup;
			children = (
				392A502419DF28A0005B6731 /* AppDelegate.h */,
				392A502519DF28A0005B6731 /* AppDelegate.m */,
				392A502719DF28A0005B6731 /* ViewController.h */,
				392A502819DF28A0005B6731 /* ViewController.m */,
				392A502A19DF28A0005B6731 /* Main.storyboard */,
				392A502D19DF28A0005B6731 /* Images.xcassets */,
				392A502F19DF28A0005B6731 /* LaunchScreen.xib */,
				392A502019DF28A0005B6731 /* Supporting Files */,
			);
			path = SpotME;
			sourceTree = "<group>";
		};
		392A502019DF28A0005B6731 /* Supporting Files */ = {
			isa = PBXGroup;
			children = (
				392A502119DF28A0005B6731 /* Info.plist */,
				392A502219DF28A0005B6731 /* main.m */,
			);
			name = "Supporting Files";
			sourceTree = "<group>";
		};
		392A503919DF28A0005B6731 /* SpotMETests */ = {
			isa = PBXGroup;
			children = (
				392A503C19DF28A0005B6731 /* SpotMETests.m */,
				392A503A19DF28A0005B6731 /* Supporting Files */,
			);
			path = SpotMETests;
			sourceTree = "<group>";
		};
		392A503A19DF28A0005B6731 /* Supporting Files */ = {
			isa = PBXGroup;
			children = (
				392A503B19DF28A0005B6731 /* Info.plist */,
			);
			name = "Supporting Files";
			sourceTree = "<group>";
		};
/* End PBXGroup section */

/* Begin PBXNativeTarget section */
		392A501C19DF28A0005B6731 /* SpotME */ = {
			isa = PBXNativeTarget;
			buildConfigurationList = 392A504019DF28A0005B6731 /* Build configuration list for PBXNativeTarget "SpotME" */;
			buildPhases = (
				392A501919DF28A0005B6731 /* Sources */,
				392A501A19DF28A0005B6731 /* Frameworks */,
				392A501B19DF28A0005B6731 /* Resources */,
			);
			buildRules = (
			);
			dependencies = (
			);
			name = SpotME;
			productName = SpotME;
			productReference = 392A501D19DF28A0005B6731 /* SpotME.app */;
			productType = "com.apple.product-type.application";
		};
		392A503519DF28A0005B6731 /* SpotMETests */ = {
			isa = PBXNativeTarget;
			buildConfigurationList = 392A504319DF28A0005B6731 /* Build configuration list for PBXNativeTarget "SpotMETests" */;
			buildPhases = (
				392A503219DF28A0005B6731 /* Sources */,
				392A503319DF28A0005B6731 /* Frameworks */,
				392A503419DF28A0005B6731 /* Resources */,
			);
			buildRules = (
			);
			dependencies = (
				392A503819DF28A0005B6731 /* PBXTargetDependency */,
			);
			name = SpotMETests;
			productName = SpotMETests;
			productReference = 392A503619DF28A0005B6731 /* SpotMETests.xctest */;
			productType = "com.apple.product-type.bundle.unit-test";
		};
/* End PBXNativeTarget section */

/* Begin PBXProject section */
		392A501519DF28A0005B6731 /* Project object */ = {
			isa = PBXProject;
			attributes = {
				LastUpgradeCheck = 0600;
				ORGANIZATIONNAME = "SpotME Martijn";
				TargetAttributes = {
					392A501C19DF28A0005B6731 = {
						CreatedOnToolsVersion = 6.0.1;
					};
					392A503519DF28A0005B6731 = {
						CreatedOnToolsVersion = 6.0.1;
						TestTargetID = 392A501C19DF28A0005B6731;
					};
				};
			};
			buildConfigurationList = 392A501819DF28A0005B6731 /* Build configuration list for PBXProject "SpotME" */;
			compatibilityVersion = "Xcode 3.2";
			developmentRegion = English;
			hasScannedForEncodings = 0;
			knownRegions = (
				en,
				Base,
			);
			mainGroup = 392A501419DF28A0005B6731;
			productRefGroup = 392A501E19DF28A0005B6731 /* Products */;
			projectDirPath = "";
			projectRoot = "";
			targets = (
				392A501C19DF28A0005B6731 /* SpotME */,
				392A503519DF28A0005B6731 /* SpotMETests */,
			);
		};
/* End PBXProject section */

/* Begin PBXResourcesBuildPhase section */
		392A501B19DF28A0005B6731 /* Resources */ = {
			isa = PBXResourcesBuildPhase;
			buildActionMask = 2147483647;
			files = (
				392A502C19DF28A0005B6731 /* Main.storyboard in Resources */,
				392A503119DF28A0005B6731 /* LaunchScreen.xib in Resources */,
				392A502E19DF28A0005B6731 /* Images.xcassets in Resources */,
			);
			runOnlyForDeploymentPostprocessing = 0;
		};
		392A503419DF28A0005B6731 /* Resources */ = {
			isa = PBXResourcesBuildPhase;
			buildActionMask = 2147483647;
			files = (
			);
			runOnlyForDeploymentPostprocessing = 0;
		};
/* End PBXResourcesBuildPhase section */

/* Begin PBXSourcesBuildPhase section */
		392A501919DF28A0005B6731 /* Sources */ = {
			isa = PBXSourcesBuildPhase;
			buildActionMask = 2147483647;
			files = (
				392A502919DF28A0005B6731 /* ViewController.m in Sources */,
				392A502619DF28A0005B6731 /* AppDelegate.m in Sources */,
				392A502319DF28A0005B6731 /* main.m in Sources */,
			);
			runOnlyForDeploymentPostprocessing = 0;
		};
		392A503219DF28A0005B6731 /* Sources */ = {
			isa = PBXSourcesBuildPhase;
			buildActionMask = 2147483647;
			files = (
				392A503D19DF28A0005B6731 /* SpotMETests.m in Sources */,
			);
			runOnlyForDeploymentPostprocessing = 0;
		};
/* End PBXSourcesBuildPhase section */

/* Begin PBXTargetDependency section */
		392A503819DF28A0005B6731 /* PBXTargetDependency */ = {
			isa = PBXTargetDependency;
			target = 392A501C19DF28A0005B6731 /* SpotME */;
			targetProxy = 392A503719DF28A0005B6731 /* PBXContainerItemProxy */;
		};
/* End PBXTargetDependency section */

/* Begin PBXVariantGroup section */
		392A502A19DF28A0005B6731 /* Main.storyboard */ = {
			isa = PBXVariantGroup;
			children = (
				392A502B19DF28A0005B6731 /* Base */,
			);
			name = Main.storyboard;
			sourceTree = "<group>";
		};
		392A502F19DF28A0005B6731 /* LaunchScreen.xib */ = {
			isa = PBXVariantGroup;
			children = (
				392A503019DF28A0005B6731 /* Base */,
			);
			name = LaunchScreen.xib;
			sourceTree = "<group>";
		};
/* End PBXVariantGroup section */

/* Begin XCBuildConfiguration section */
		392A503E19DF28A0005B6731 /* Debug */ = {
			isa = XCBuildConfiguration;
			buildSettings = {
				ALWAYS_SEARCH_USER_PATHS = NO;
				CLANG_CXX_LANGUAGE_STANDARD = "gnu++0x";
				CLANG_CXX_LIBRARY = "libc++";
				CLANG_ENABLE_MODULES = YES;
				CLANG_ENABLE_OBJC_ARC = YES;
				CLANG_WARN_BOOL_CONVERSION = YES;
				CLANG_WARN_CONSTANT_CONVERSION = YES;
				CLANG_WARN_DIRECT_OBJC_ISA_USAGE = YES_ERROR;
				CLANG_WARN_EMPTY_BODY = YES;
				CLANG_WARN_ENUM_CONVERSION = YES;
				CLANG_WARN_INT_CONVERSION = YES;
				CLANG_WARN_OBJC_ROOT_CLASS = YES_ERROR;
				CLANG_WARN_UNREACHABLE_CODE = YES;
				CLANG_WARN__DUPLICATE_METHOD_MATCH = YES;
				"CODE_SIGN_IDENTITY[sdk=iphoneos*]" = "iPhone Developer";
				COPY_PHASE_STRIP = NO;
				ENABLE_STRICT_OBJC_MSGSEND = YES;
				GCC_C_LANGUAGE_STANDARD = gnu99;
				GCC_DYNAMIC_NO_PIC = NO;
				GCC_OPTIMIZATION_LEVEL = 0;
				GCC_PREPROCESSOR_DEFINITIONS = (
					"DEBUG=1",
					"$(inherited)",
				);
				GCC_SYMBOLS_PRIVATE_EXTERN = NO;
				GCC_WARN_64_TO_32_BIT_CONVERSION = YES;
				GCC_WARN_ABOUT_RETURN_TYPE = YES_ERROR;
				GCC_WARN_UNDECLARED_SELECTOR = YES;
				GCC_WARN_UNINITIALIZED_AUTOS = YES_AGGRESSIVE;
				GCC_WARN_UNUSED_FUNCTION = YES;
				GCC_WARN_UNUSED_VARIABLE = YES;
				IPHONEOS_DEPLOYMENT_TARGET = 8.0;
				MTL_ENABLE_DEBUG_INFO = YES;
				ONLY_ACTIVE_ARCH = YES;
				SDKROOT = iphoneos;
			};
			name = Debug;
		};
		392A503F19DF28A0005B6731 /* Release */ = {
			isa = XCBuildConfiguration;
			buildSettings = {
				ALWAYS_SEARCH_USER_PATHS = NO;
				CLANG_CXX_LANGUAGE_STANDARD = "gnu++0x";
				CLANG_CXX_LIBRARY = "libc++";
				CLANG_ENABLE_MODULES = YES;
				CLANG_ENABLE_OBJC_ARC = YES;
				CLANG_WARN_BOOL_CONVERSION = YES;
				CLANG_WARN_CONSTANT_CONVERSION = YES;
				CLANG_WARN_DIRECT_OBJC_ISA_USAGE = YES_ERROR;
				CLANG_WARN_EMPTY_BODY = YES;
				CLANG_WARN_ENUM_CONVERSION = YES;
				CLANG_WARN_INT_CONVERSION = YES;
				CLANG_WARN_OBJC_ROOT_CLASS = YES_ERROR;
				CLANG_WARN_UNREACHABLE_CODE = YES;
				CLANG_WARN__DUPLICATE_METHOD_MATCH = YES;
				"CODE_SIGN_IDENTITY[sdk=iphoneos*]" = "iPhone Developer";
				COPY_PHASE_STRIP = YES;
				ENABLE_NS_ASSERTIONS = NO;
				ENABLE_STRICT_OBJC_MSGSEND = YES;
				GCC_C_LANGUAGE_STANDARD = gnu99;
				GCC_WARN_64_TO_32_BIT_CONVERSION = YES;
				GCC_WARN_ABOUT_RETURN_TYPE = YES_ERROR;
				GCC_WARN_UNDECLARED_SELECTOR = YES;
				GCC_WARN_UNINITIALIZED_AUTOS = YES_AGGRESSIVE;
				GCC_WARN_UNUSED_FUNCTION = YES;
				GCC_WARN_UNUSED_VARIABLE = YES;
				IPHONEOS_DEPLOYMENT_TARGET = 8.0;
				MTL_ENABLE_DEBUG_INFO = NO;
				SDKROOT = iphoneos;
				VALIDATE_PRODUCT = YES;
			};
			name = Release;
		};
		392A504119DF28A0005B6731 /* Debug */ = {
			isa = XCBuildConfiguration;
			buildSettings = {
				ASSETCATALOG_COMPILER_APPICON_NAME = AppIcon;
				INFOPLIST_FILE = SpotME/Info.plist;
				LD_RUNPATH_SEARCH_PATHS = "$(inherited) @executable_path/Frameworks";
				PRODUCT_NAME = "$(TARGET_NAME)";
			};
			name = Debug;
		};
		392A504219DF28A0005B6731 /* Release */ = {
			isa = XCBuildConfiguration;
			buildSettings = {
				ASSETCATALOG_COMPILER_APPICON_NAME = AppIcon;
				INFOPLIST_FILE = SpotME/Info.plist;
				LD_RUNPATH_SEARCH_PATHS = "$(inherited) @executable_path/Frameworks";
				PRODUCT_NAME = "$(TARGET_NAME)";
			};
			name = Release;
		};
		392A504419DF28A0005B6731 /* Debug */ = {
			isa = XCBuildConfiguration;
			buildSettings = {
				BUNDLE_LOADER = "$(TEST_HOST)";
				FRAMEWORK_SEARCH_PATHS = (
					"$(SDKROOT)/Developer/Library/Frameworks",
					"$(inherited)",
				);
				GCC_PREPROCESSOR_DEFINITIONS = (
					"DEBUG=1",
					"$(inherited)",
				);
				INFOPLIST_FILE = SpotMETests/Info.plist;
				LD_RUNPATH_SEARCH_PATHS = "$(inherited) @executable_path/Frameworks @loader_path/Frameworks";
				PRODUCT_NAME = "$(TARGET_NAME)";
				TEST_HOST = "$(BUILT_PRODUCTS_DIR)/SpotME.app/SpotME";
			};
			name = Debug;
		};
		392A504519DF28A0005B6731 /* Release */ = {
			isa = XCBuildConfiguration;
			buildSettings = {
				BUNDLE_LOADER = "$(TEST_HOST)";
				FRAMEWORK_SEARCH_PATHS = (
					"$(SDKROOT)/Developer/Library/Frameworks",
					"$(inherited)",
				);
				INFOPLIST_FILE = SpotMETests/Info.plist;
				LD_RUNPATH_SEARCH_PATHS = "$(inherited) @executable_path/Frameworks @loader_path/Frameworks";
				PRODUCT_NAME = "$(TARGET_NAME)";
				TEST_HOST = "$(BUILT_PRODUCTS_DIR)/SpotME.app/SpotME";
			};
			name = Release;
		};
/* End XCBuildConfiguration section */

/* Begin XCConfigurationList section */
		392A501819DF28A0005B6731 /* Build configuration list for PBXProject "SpotME" */ = {
			isa = XCConfigurationList;
			buildConfigurations = (
				392A503E19DF28A0005B6731 /* Debug */,
				392A503F19DF28A0005B6731 /* Release */,
			);
			defaultConfigurationIsVisible = 0;
			defaultConfigurationName = Release;
		};
		392A504019DF28A0005B6731 /* Build configuration list for PBXNativeTarget "SpotME" */ = {
			isa = XCConfigurationList;
			buildConfigurations = (
				392A504119DF28A0005B6731 /* Debug */,
				392A504219DF28A0005B6731 /* Release */,
			);
			defaultConfigurationIsVisible = 0;
		};
		392A504319DF28A0005B6731 /* Build configuration list for PBXNativeTarget "SpotMETests" */ = {
			isa = XCConfigurationList;
			buildConfigurations = (
				392A504419DF28A0005B6731 /* Debug */,
				392A504519DF28A0005B6731 /* Release */,
			);
			defaultConfigurationIsVisible = 0;
		};
/* End XCConfigurationList section */
	};
	rootObject = 392A501519DF28A0005B6731 /* Project object */;
}
